
Microsoft Visual Studio Solution File, Format Version 12.00
# Visual Studio Version 17
VisualStudioVersion = 17.7.34031.279
MinimumVisualStudioVersion = 10.0.40219.1
Project("{9A19103F-16F7-4668-BE54-9A1E7A4F7556}") = "HPADotNetCore.ConsoleApp", "HPADotNetCore.ConsoleApp\HPADotNetCore.ConsoleApp.csproj", "{C21C5F83-F161-4B29-A436-CAA690F29518}"
EndProject
Project("{9A19103F-16F7-4668-BE54-9A1E7A4F7556}") = "HPADotNetCore.RestApi", "HPADotNetCore.RestApi\HPADotNetCore.RestApi.csproj", "{D9C9CBA5-CEED-4AAA-99BD-A1287BC3FA6C}"
EndProject
Project("{9A19103F-16F7-4668-BE54-9A1E7A4F7556}") = "HPADotNetCore.MvcApp", "HPADotNetCore.MvcApp\HPADotNetCore.MvcApp.csproj", "{F6EC7282-164D-4EEE-B205-9286A65D8100}"
EndProject
Project("{FAE04EC0-301F-11D3-BF4B-00C04F79EFBC}") = "HPADotNetCore.WindowsFormsApp", "HPADotNetCore.WindowsFormsApp\HPADotNetCore.WindowsFormsApp.csproj", "{73328A4D-79F4-4F7C-B0EC-BA428BD409BD}"
EndProject
Project("{2150E333-8FDC-42A3-9474-1A3956D46DE8}") = "Documnets", "Documnets", "{4301EB04-4128-4CE0-9A8C-2ECE7B90281A}"
	ProjectSection(SolutionItems) = preProject
		README.md = README.md
	EndProjectSection
EndProject
Project("{9A19103F-16F7-4668-BE54-9A1E7A4F7556}") = "HPADotNetCore.ThemeMvcApp", "HPADotNetCore.ThemeMvcApp\HPADotNetCore.ThemeMvcApp.csproj", "{A2EC536E-1E12-4489-AB0C-5B36DC05125E}"
EndProject
Project("{9A19103F-16F7-4668-BE54-9A1E7A4F7556}") = "HPADotNetCore.ATMWebApp", "HPADotNetCore.ATMWebApp\HPADotNetCore.ATMWebApp.csproj", "{EB387822-806D-4AC8-BC25-CB6007FA0870}"
EndProject
Project("{9A19103F-16F7-4668-BE54-9A1E7A4F7556}") = "HPADotNetCore.MinimalApi", "HPADotNetCore.MinimalApi\HPADotNetCore.MinimalApi.csproj", "{FC4A697A-D248-445D-830B-89C7DC693A43}"
EndProject
Project("{9A19103F-16F7-4668-BE54-9A1E7A4F7556}") = "HPADotNetCore.DbFirstCommand", "HPADotNetCore.DbFirstCommand\HPADotNetCore.DbFirstCommand.csproj", "{114CDBE7-C415-4CB2-87CE-FF86EEBE635E}"
EndProject
Project("{9A19103F-16F7-4668-BE54-9A1E7A4F7556}") = "HPADotNetCore.LoggingConsoleApp", "HPADotNetCore.LoggingConsoleApp\HPADotNetCore.LoggingConsoleApp.csproj", "{C96138B4-4EC6-4FA2-B528-3BF27E14A38B}"
EndProject
Project("{FAE04EC0-301F-11D3-BF4B-00C04F79EFBC}") = "HPADotNetCore.NLoggingMinimalApi", "HPADotNetCore.NLoggingMinimalApi\HPADotNetCore.NLoggingMinimalApi.csproj", "{69F6B4A1-72E9-46D9-A575-06AA4EDB99C8}"
EndProject
Global
	GlobalSection(SolutionConfigurationPlatforms) = preSolution
		Debug|Any CPU = Debug|Any CPU
		Release|Any CPU = Release|Any CPU
	EndGlobalSection
	GlobalSection(ProjectConfigurationPlatforms) = postSolution
		{C21C5F83-F161-4B29-A436-CAA690F29518}.Debug|Any CPU.ActiveCfg = Debug|Any CPU
		{C21C5F83-F161-4B29-A436-CAA690F29518}.Debug|Any CPU.Build.0 = Debug|Any CPU
		{C21C5F83-F161-4B29-A436-CAA690F29518}.Release|Any CPU.ActiveCfg = Release|Any CPU
		{C21C5F83-F161-4B29-A436-CAA690F29518}.Release|Any CPU.Build.0 = Release|Any CPU
		{D9C9CBA5-CEED-4AAA-99BD-A1287BC3FA6C}.Debug|Any CPU.ActiveCfg = Debug|Any CPU
		{D9C9CBA5-CEED-4AAA-99BD-A1287BC3FA6C}.Debug|Any CPU.Build.0 = Debug|Any CPU
		{D9C9CBA5-CEED-4AAA-99BD-A1287BC3FA6C}.Release|Any CPU.ActiveCfg = Release|Any CPU
		{D9C9CBA5-CEED-4AAA-99BD-A1287BC3FA6C}.Release|Any CPU.Build.0 = Release|Any CPU
		{F6EC7282-164D-4EEE-B205-9286A65D8100}.Debug|Any CPU.ActiveCfg = Debug|Any CPU
		{F6EC7282-164D-4EEE-B205-9286A65D8100}.Debug|Any CPU.Build.0 = Debug|Any CPU
		{F6EC7282-164D-4EEE-B205-9286A65D8100}.Release|Any CPU.ActiveCfg = Release|Any CPU
		{F6EC7282-164D-4EEE-B205-9286A65D8100}.Release|Any CPU.Build.0 = Release|Any CPU
		{73328A4D-79F4-4F7C-B0EC-BA428BD409BD}.Debug|Any CPU.ActiveCfg = Debug|Any CPU
		{73328A4D-79F4-4F7C-B0EC-BA428BD409BD}.Debug|Any CPU.Build.0 = Debug|Any CPU
		{73328A4D-79F4-4F7C-B0EC-BA428BD409BD}.Release|Any CPU.ActiveCfg = Release|Any CPU
		{73328A4D-79F4-4F7C-B0EC-BA428BD409BD}.Release|Any CPU.Build.0 = Release|Any CPU
		{A2EC536E-1E12-4489-AB0C-5B36DC05125E}.Debug|Any CPU.ActiveCfg = Debug|Any CPU
		{A2EC536E-1E12-4489-AB0C-5B36DC05125E}.Debug|Any CPU.Build.0 = Debug|Any CPU
		{A2EC536E-1E12-4489-AB0C-5B36DC05125E}.Release|Any CPU.ActiveCfg = Release|Any CPU
		{A2EC536E-1E12-4489-AB0C-5B36DC05125E}.Release|Any CPU.Build.0 = Release|Any CPU
		{EB387822-806D-4AC8-BC25-CB6007FA0870}.Debug|Any CPU.ActiveCfg = Debug|Any CPU
		{EB387822-806D-4AC8-BC25-CB6007FA0870}.Debug|Any CPU.Build.0 = Debug|Any CPU
		{EB387822-806D-4AC8-BC25-CB6007FA0870}.Release|Any CPU.ActiveCfg = Release|Any CPU
		{EB387822-806D-4AC8-BC25-CB6007FA0870}.Release|Any CPU.Build.0 = Release|Any CPU
		{FC4A697A-D248-445D-830B-89C7DC693A43}.Debug|Any CPU.ActiveCfg = Debug|Any CPU
		{FC4A697A-D248-445D-830B-89C7DC693A43}.Debug|Any CPU.Build.0 = Debug|Any CPU
		{FC4A697A-D248-445D-830B-89C7DC693A43}.Release|Any CPU.ActiveCfg = Release|Any CPU
		{FC4A697A-D248-445D-830B-89C7DC693A43}.Release|Any CPU.Build.0 = Release|Any CPU
		{114CDBE7-C415-4CB2-87CE-FF86EEBE635E}.Debug|Any CPU.ActiveCfg = Debug|Any CPU
		{114CDBE7-C415-4CB2-87CE-FF86EEBE635E}.Debug|Any CPU.Build.0 = Debug|Any CPU
		{114CDBE7-C415-4CB2-87CE-FF86EEBE635E}.Release|Any CPU.ActiveCfg = Release|Any CPU
		{114CDBE7-C415-4CB2-87CE-FF86EEBE635E}.Release|Any CPU.Build.0 = Release|Any CPU
		{C96138B4-4EC6-4FA2-B528-3BF27E14A38B}.Debug|Any CPU.ActiveCfg = Debug|Any CPU
		{C96138B4-4EC6-4FA2-B528-3BF27E14A38B}.Debug|Any CPU.Build.0 = Debug|Any CPU
		{C96138B4-4EC6-4FA2-B528-3BF27E14A38B}.Release|Any CPU.ActiveCfg = Release|Any CPU
		{C96138B4-4EC6-4FA2-B528-3BF27E14A38B}.Release|Any CPU.Build.0 = Release|Any CPU
		{69F6B4A1-72E9-46D9-A575-06AA4EDB99C8}.Debug|Any CPU.ActiveCfg = Debug|Any CPU
		{69F6B4A1-72E9-46D9-A575-06AA4EDB99C8}.Debug|Any CPU.Build.0 = Debug|Any CPU
		{69F6B4A1-72E9-46D9-A575-06AA4EDB99C8}.Release|Any CPU.ActiveCfg = Release|Any CPU
		{69F6B4A1-72E9-46D9-A575-06AA4EDB99C8}.Release|Any CPU.Build.0 = Release|Any CPU
	EndGlobalSection
	GlobalSection(SolutionProperties) = preSolution
		HideSolutionNode = FALSE
	EndGlobalSection
	GlobalSection(ExtensibilityGlobals) = postSolution
		SolutionGuid = {9C8BD23E-2EDF-4399-A04A-750C134D284D}
	EndGlobalSection
EndGlobal
