
Microsoft Visual Studio Solution File, Format Version 12.00
# Visual Studio Version 17
VisualStudioVersion = 17.7.34031.279
MinimumVisualStudioVersion = 10.0.40219.1
Project("{9A19103F-16F7-4668-BE54-9A1E7A4F7556}") = "HPADotNetCore.ConsoleApp", "HPADotNetCore.ConsoleApp\HPADotNetCore.ConsoleApp.csproj", "{C21C5F83-F161-4B29-A436-CAA690F29518}"
EndProject
Project("{9A19103F-16F7-4668-BE54-9A1E7A4F7556}") = "HPADotNetCore.RestApi", "HPADotNetCore.RestApi\HPADotNetCore.RestApi.csproj", "{D9C9CBA5-CEED-4AAA-99BD-A1287BC3FA6C}"
EndProject
Project("{FAE04EC0-301F-11D3-BF4B-00C04F79EFBC}") = "HPADotNetCore.MvcApp", "HPADotNetCore.MvcApp\HPADotNetCore.MvcApp.csproj", "{F6EC7282-164D-4EEE-B205-9286A65D8100}"
EndProject
Global
	GlobalSection(SolutionConfigurationPlatforms) = preSolution
		Debug|Any CPU = Debug|Any CPU
		Release|Any CPU = Release|Any CPU
	EndGlobalSection
	GlobalSection(ProjectConfigurationPlatforms) = postSolution
		{C21C5F83-F161-4B29-A436-CAA690F29518}.Debug|Any CPU.ActiveCfg = Debug|Any CPU
		{C21C5F83-F161-4B29-A436-CAA690F29518}.Debug|Any CPU.Build.0 = Debug|Any CPU
		{C21C5F83-F161-4B29-A436-CAA690F29518}.Release|Any CPU.ActiveCfg = Release|Any CPU
		{C21C5F83-F161-4B29-A436-CAA690F29518}.Release|Any CPU.Build.0 = Release|Any CPU
		{D9C9CBA5-CEED-4AAA-99BD-A1287BC3FA6C}.Debug|Any CPU.ActiveCfg = Debug|Any CPU
		{D9C9CBA5-CEED-4AAA-99BD-A1287BC3FA6C}.Debug|Any CPU.Build.0 = Debug|Any CPU
		{D9C9CBA5-CEED-4AAA-99BD-A1287BC3FA6C}.Release|Any CPU.ActiveCfg = Release|Any CPU
		{D9C9CBA5-CEED-4AAA-99BD-A1287BC3FA6C}.Release|Any CPU.Build.0 = Release|Any CPU
		{F6EC7282-164D-4EEE-B205-9286A65D8100}.Debug|Any CPU.ActiveCfg = Debug|Any CPU
		{F6EC7282-164D-4EEE-B205-9286A65D8100}.Debug|Any CPU.Build.0 = Debug|Any CPU
		{F6EC7282-164D-4EEE-B205-9286A65D8100}.Release|Any CPU.ActiveCfg = Release|Any CPU
		{F6EC7282-164D-4EEE-B205-9286A65D8100}.Release|Any CPU.Build.0 = Release|Any CPU
	EndGlobalSection
	GlobalSection(SolutionProperties) = preSolution
		HideSolutionNode = FALSE
	EndGlobalSection
	GlobalSection(ExtensibilityGlobals) = postSolution
		SolutionGuid = {9C8BD23E-2EDF-4399-A04A-750C134D284D}
	EndGlobalSection
EndGlobal
